// !$*UTF8*$!
{
	archiveVersion = 1;
	classes = {
	};
	objectVersion = 55;
	objects = {

/* Begin PBXBuildFile section */
		7BDE0FE7281920A300803F16 /* AppDelegate.swift in Sources */ = {isa = PBXBuildFile; fileRef = 7BDE0FE6281920A300803F16 /* AppDelegate.swift */; };
		7BDE0FE9281920A300803F16 /* SceneDelegate.swift in Sources */ = {isa = PBXBuildFile; fileRef = 7BDE0FE8281920A300803F16 /* SceneDelegate.swift */; };
		7BDE0FEB281920A300803F16 /* ViewController.swift in Sources */ = {isa = PBXBuildFile; fileRef = 7BDE0FEA281920A300803F16 /* ViewController.swift */; };
		7BDE0FEE281920A300803F16 /* Main.storyboard in Resources */ = {isa = PBXBuildFile; fileRef = 7BDE0FEC281920A300803F16 /* Main.storyboard */; };
		7BDE0FF0281920A400803F16 /* Assets.xcassets in Resources */ = {isa = PBXBuildFile; fileRef = 7BDE0FEF281920A400803F16 /* Assets.xcassets */; };
		7BDE0FF3281920A400803F16 /* LaunchScreen.storyboard in Resources */ = {isa = PBXBuildFile; fileRef = 7BDE0FF1281920A400803F16 /* LaunchScreen.storyboard */; };
		7BDE0FFB2819533F00803F16 /* Models.swift in Sources */ = {isa = PBXBuildFile; fileRef = 7BDE0FFA2819533F00803F16 /* Models.swift */; };
		7BDE0FFD281953D400803F16 /* PersonFollowingTableViewCell.swift in Sources */ = {isa = PBXBuildFile; fileRef = 7BDE0FFC281953D400803F16 /* PersonFollowingTableViewCell.swift */; };
		7BDE0FFF28197BD300803F16 /* PersonFollowingTableViewCellViewModel.swift in Sources */ = {isa = PBXBuildFile; fileRef = 7BDE0FFE28197BD300803F16 /* PersonFollowingTableViewCellViewModel.swift */; };
/* End PBXBuildFile section */

/* Begin PBXFileReference section */
		7BDE0FE3281920A300803F16 /* MvvmExp.app */ = {isa = PBXFileReference; explicitFileType = wrapper.application; includeInIndex = 0; path = MvvmExp.app; sourceTree = BUILT_PRODUCTS_DIR; };
		7BDE0FE6281920A300803F16 /* AppDelegate.swift */ = {isa = PBXFileReference; lastKnownFileType = sourcecode.swift; path = AppDelegate.swift; sourceTree = "<group>"; };
		7BDE0FE8281920A300803F16 /* SceneDelegate.swift */ = {isa = PBXFileReference; lastKnownFileType = sourcecode.swift; path = SceneDelegate.swift; sourceTree = "<group>"; };
		7BDE0FEA281920A300803F16 /* ViewController.swift */ = {isa = PBXFileReference; lastKnownFileType = sourcecode.swift; path = ViewController.swift; sourceTree = "<group>"; };
		7BDE0FED281920A300803F16 /* Base */ = {isa = PBXFileReference; lastKnownFileType = file.storyboard; name = Base; path = Base.lproj/Main.storyboard; sourceTree = "<group>"; };
		7BDE0FEF281920A400803F16 /* Assets.xcassets */ = {isa = PBXFileReference; lastKnownFileType = folder.assetcatalog; path = Assets.xcassets; sourceTree = "<group>"; };
		7BDE0FF2281920A400803F16 /* Base */ = {isa = PBXFileReference; lastKnownFileType = file.storyboard; name = Base; path = Base.lproj/LaunchScreen.storyboard; sourceTree = "<group>"; };
		7BDE0FF4281920A400803F16 /* Info.plist */ = {isa = PBXFileReference; lastKnownFileType = text.plist.xml; path = Info.plist; sourceTree = "<group>"; };
		7BDE0FFA2819533F00803F16 /* Models.swift */ = {isa = PBXFileReference; lastKnownFileType = sourcecode.swift; path = Models.swift; sourceTree = "<group>"; };
		7BDE0FFC281953D400803F16 /* PersonFollowingTableViewCell.swift */ = {isa = PBXFileReference; lastKnownFileType = sourcecode.swift; path = PersonFollowingTableViewCell.swift; sourceTree = "<group>"; };
		7BDE0FFE28197BD300803F16 /* PersonFollowingTableViewCellViewModel.swift */ = {isa = PBXFileReference; lastKnownFileType = sourcecode.swift; path = PersonFollowingTableViewCellViewModel.swift; sourceTree = "<group>"; };
/* End PBXFileReference section */

/* Begin PBXFrameworksBuildPhase section */
		7BDE0FE0281920A300803F16 /* Frameworks */ = {
			isa = PBXFrameworksBuildPhase;
			buildActionMask = 2147483647;
			files = (
			);
			runOnlyForDeploymentPostprocessing = 0;
		};
/* End PBXFrameworksBuildPhase section */

/* Begin PBXGroup section */
		7BDE0FDA281920A300803F16 = {
			isa = PBXGroup;
			children = (
				7BDE0FE5281920A300803F16 /* MvvmExp */,
				7BDE0FE4281920A300803F16 /* Products */,
			);
			sourceTree = "<group>";
		};
		7BDE0FE4281920A300803F16 /* Products */ = {
			isa = PBXGroup;
			children = (
				7BDE0FE3281920A300803F16 /* MvvmExp.app */,
			);
			name = Products;
			sourceTree = "<group>";
		};
		7BDE0FE5281920A300803F16 /* MvvmExp */ = {
			isa = PBXGroup;
			children = (
				7BDE0FFE28197BD300803F16 /* PersonFollowingTableViewCellViewModel.swift */,
				7BDE0FFC281953D400803F16 /* PersonFollowingTableViewCell.swift */,
				7BDE0FE6281920A300803F16 /* AppDelegate.swift */,
				7BDE0FE8281920A300803F16 /* SceneDelegate.swift */,
				7BDE0FEA281920A300803F16 /* ViewController.swift */,
				7BDE0FFA2819533F00803F16 /* Models.swift */,
				7BDE0FEC281920A300803F16 /* Main.storyboard */,
				7BDE0FEF281920A400803F16 /* Assets.xcassets */,
				7BDE0FF1281920A400803F16 /* LaunchScreen.storyboard */,
				7BDE0FF4281920A400803F16 /* Info.plist */,
			);
			path = MvvmExp;
			sourceTree = "<group>";
		};
/* End PBXGroup section */

/* Begin PBXNativeTarget section */
		7BDE0FE2281920A300803F16 /* MvvmExp */ = {
			isa = PBXNativeTarget;
			buildConfigurationList = 7BDE0FF7281920A400803F16 /* Build configuration list for PBXNativeTarget "MvvmExp" */;
			buildPhases = (
				7BDE0FDF281920A300803F16 /* Sources */,
				7BDE0FE0281920A300803F16 /* Frameworks */,
				7BDE0FE1281920A300803F16 /* Resources */,
			);
			buildRules = (
			);
			dependencies = (
			);
			name = MvvmExp;
			productName = MvvmExp;
			productReference = 7BDE0FE3281920A300803F16 /* MvvmExp.app */;
			productType = "com.apple.product-type.application";
		};
/* End PBXNativeTarget section */

/* Begin PBXProject section */
		7BDE0FDB281920A300803F16 /* Project object */ = {
			isa = PBXProject;
			attributes = {
				BuildIndependentTargetsInParallel = 1;
				LastSwiftUpdateCheck = 1330;
				LastUpgradeCheck = 1330;
				TargetAttributes = {
					7BDE0FE2281920A300803F16 = {
						CreatedOnToolsVersion = 13.3.1;
					};
				};
			};
			buildConfigurationList = 7BDE0FDE281920A300803F16 /* Build configuration list for PBXProject "MvvmExp" */;
			compatibilityVersion = "Xcode 13.0";
			developmentRegion = en;
			hasScannedForEncodings = 0;
			knownRegions = (
				en,
				Base,
			);
			mainGroup = 7BDE0FDA281920A300803F16;
			productRefGroup = 7BDE0FE4281920A300803F16 /* Products */;
			projectDirPath = "";
			projectRoot = "";
			targets = (
				7BDE0FE2281920A300803F16 /* MvvmExp */,
			);
		};
/* End PBXProject section */

/* Begin PBXResourcesBuildPhase section */
		7BDE0FE1281920A300803F16 /* Resources */ = {
			isa = PBXResourcesBuildPhase;
			buildActionMask = 2147483647;
			files = (
				7BDE0FF3281920A400803F16 /* LaunchScreen.storyboard in Resources */,
				7BDE0FF0281920A400803F16 /* Assets.xcassets in Resources */,
				7BDE0FEE281920A300803F16 /* Main.storyboard in Resources */,
			);
			runOnlyForDeploymentPostprocessing = 0;
		};
/* End PBXResourcesBuildPhase section */

/* Begin PBXSourcesBuildPhase section */
		7BDE0FDF281920A300803F16 /* Sources */ = {
			isa = PBXSourcesBuildPhase;
			buildActionMask = 2147483647;
			files = (
				7BDE0FEB281920A300803F16 /* ViewController.swift in Sources */,
				7BDE0FFF28197BD300803F16 /* PersonFollowingTableViewCellViewModel.swift in Sources */,
				7BDE0FFD281953D400803F16 /* PersonFollowingTableViewCell.swift in Sources */,
				7BDE0FE7281920A300803F16 /* AppDelegate.swift in Sources */,
				7BDE0FE9281920A300803F16 /* SceneDelegate.swift in Sources */,
				7BDE0FFB2819533F00803F16 /* Models.swift in Sources */,
			);
			runOnlyForDeploymentPostprocessing = 0;
		};
/* End PBXSourcesBuildPhase section */

/* Begin PBXVariantGroup section */
		7BDE0FEC281920A300803F16 /* Main.storyboard */ = {
			isa = PBXVariantGroup;
			children = (
				7BDE0FED281920A300803F16 /* Base */,
			);
			name = Main.storyboard;
			sourceTree = "<group>";
		};
		7BDE0FF1281920A400803F16 /* LaunchScreen.storyboard */ = {
			isa = PBXVariantGroup;
			children = (
				7BDE0FF2281920A400803F16 /* Base */,
			);
			name = LaunchScreen.storyboard;
			sourceTree = "<group>";
		};
/* End PBXVariantGroup section */

/* Begin XCBuildConfiguration section */
		7BDE0FF5281920A400803F16 /* Debug */ = {
			isa = XCBuildConfiguration;
			buildSettings = {
				ALWAYS_SEARCH_USER_PATHS = NO;
				CLANG_ANALYZER_NONNULL = YES;
				CLANG_ANALYZER_NUMBER_OBJECT_CONVERSION = YES_AGGRESSIVE;
				CLANG_CXX_LANGUAGE_STANDARD = "gnu++17";
				CLANG_ENABLE_MODULES = YES;
				CLANG_ENABLE_OBJC_ARC = YES;
				CLANG_ENABLE_OBJC_WEAK = YES;
				CLANG_WARN_BLOCK_CAPTURE_AUTORELEASING = YES;
				CLANG_WARN_BOOL_CONVERSION = YES;
				CLANG_WARN_COMMA = YES;
				CLANG_WARN_CONSTANT_CONVERSION = YES;
				CLANG_WARN_DEPRECATED_OBJC_IMPLEMENTATIONS = YES;
				CLANG_WARN_DIRECT_OBJC_ISA_USAGE = YES_ERROR;
				CLANG_WARN_DOCUMENTATION_COMMENTS = YES;
				CLANG_WARN_EMPTY_BODY = YES;
				CLANG_WARN_ENUM_CONVERSION = YES;
				CLANG_WARN_INFINITE_RECURSION = YES;
				CLANG_WARN_INT_CONVERSION = YES;
				CLANG_WARN_NON_LITERAL_NULL_CONVERSION = YES;
				CLANG_WARN_OBJC_IMPLICIT_RETAIN_SELF = YES;
				CLANG_WARN_OBJC_LITERAL_CONVERSION = YES;
				CLANG_WARN_OBJC_ROOT_CLASS = YES_ERROR;
				CLANG_WARN_QUOTED_INCLUDE_IN_FRAMEWORK_HEADER = YES;
				CLANG_WARN_RANGE_LOOP_ANALYSIS = YES;
				CLANG_WARN_STRICT_PROTOTYPES = YES;
				CLANG_WARN_SUSPICIOUS_MOVE = YES;
				CLANG_WARN_UNGUARDED_AVAILABILITY = YES_AGGRESSIVE;
				CLANG_WARN_UNREACHABLE_CODE = YES;
				CLANG_WARN__DUPLICATE_METHOD_MATCH = YES;
				COPY_PHASE_STRIP = NO;
				DEBUG_INFORMATION_FORMAT = dwarf;
				ENABLE_STRICT_OBJC_MSGSEND = YES;
				ENABLE_TESTABILITY = YES;
				GCC_C_LANGUAGE_STANDARD = gnu11;
				GCC_DYNAMIC_NO_PIC = NO;
				GCC_NO_COMMON_BLOCKS = YES;
				GCC_OPTIMIZATION_LEVEL = 0;
				GCC_PREPROCESSOR_DEFINITIONS = (
					"DEBUG=1",
					"$(inherited)",
				);
				GCC_WARN_64_TO_32_BIT_CONVERSION = YES;
				GCC_WARN_ABOUT_RETURN_TYPE = YES_ERROR;
				GCC_WARN_UNDECLARED_SELECTOR = YES;
				GCC_WARN_UNINITIALIZED_AUTOS = YES_AGGRESSIVE;
				GCC_WARN_UNUSED_FUNCTION = YES;
				GCC_WARN_UNUSED_VARIABLE = YES;
				IPHONEOS_DEPLOYMENT_TARGET = 15.4;
				MTL_ENABLE_DEBUG_INFO = INCLUDE_SOURCE;
				MTL_FAST_MATH = YES;
				ONLY_ACTIVE_ARCH = YES;
				SDKROOT = iphoneos;
				SWIFT_ACTIVE_COMPILATION_CONDITIONS = DEBUG;
				SWIFT_OPTIMIZATION_LEVEL = "-Onone";
			};
			name = Debug;
		};
		7BDE0FF6281920A400803F16 /* Release */ = {
			isa = XCBuildConfiguration;
			buildSettings = {
				ALWAYS_SEARCH_USER_PATHS = NO;
				CLANG_ANALYZER_NONNULL = YES;
				CLANG_ANALYZER_NUMBER_OBJECT_CONVERSION = YES_AGGRESSIVE;
				CLANG_CXX_LANGUAGE_STANDARD = "gnu++17";
				CLANG_ENABLE_MODULES = YES;
				CLANG_ENABLE_OBJC_ARC = YES;
				CLANG_ENABLE_OBJC_WEAK = YES;
				CLANG_WARN_BLOCK_CAPTURE_AUTORELEASING = YES;
				CLANG_WARN_BOOL_CONVERSION = YES;
				CLANG_WARN_COMMA = YES;
				CLANG_WARN_CONSTANT_CONVERSION = YES;
				CLANG_WARN_DEPRECATED_OBJC_IMPLEMENTATIONS = YES;
				CLANG_WARN_DIRECT_OBJC_ISA_USAGE = YES_ERROR;
				CLANG_WARN_DOCUMENTATION_COMMENTS = YES;
				CLANG_WARN_EMPTY_BODY = YES;
				CLANG_WARN_ENUM_CONVERSION = YES;
				CLANG_WARN_INFINITE_RECURSION = YES;
				CLANG_WARN_INT_CONVERSION = YES;
				CLANG_WARN_NON_LITERAL_NULL_CONVERSION = YES;
				CLANG_WARN_OBJC_IMPLICIT_RETAIN_SELF = YES;
				CLANG_WARN_OBJC_LITERAL_CONVERSION = YES;
				CLANG_WARN_OBJC_ROOT_CLASS = YES_ERROR;
				CLANG_WARN_QUOTED_INCLUDE_IN_FRAMEWORK_HEADER = YES;
				CLANG_WARN_RANGE_LOOP_ANALYSIS = YES;
				CLANG_WARN_STRICT_PROTOTYPES = YES;
				CLANG_WARN_SUSPICIOUS_MOVE = YES;
				CLANG_WARN_UNGUARDED_AVAILABILITY = YES_AGGRESSIVE;
				CLANG_WARN_UNREACHABLE_CODE = YES;
				CLANG_WARN__DUPLICATE_METHOD_MATCH = YES;
				COPY_PHASE_STRIP = NO;
				DEBUG_INFORMATION_FORMAT = "dwarf-with-dsym";
				ENABLE_NS_ASSERTIONS = NO;
				ENABLE_STRICT_OBJC_MSGSEND = YES;
				GCC_C_LANGUAGE_STANDARD = gnu11;
				GCC_NO_COMMON_BLOCKS = YES;
				GCC_WARN_64_TO_32_BIT_CONVERSION = YES;
				GCC_WARN_ABOUT_RETURN_TYPE = YES_ERROR;
				GCC_WARN_UNDECLARED_SELECTOR = YES;
				GCC_WARN_UNINITIALIZED_AUTOS = YES_AGGRESSIVE;
				GCC_WARN_UNUSED_FUNCTION = YES;
				GCC_WARN_UNUSED_VARIABLE = YES;
				IPHONEOS_DEPLOYMENT_TARGET = 15.4;
				MTL_ENABLE_DEBUG_INFO = NO;
				MTL_FAST_MATH = YES;
				SDKROOT = iphoneos;
				SWIFT_COMPILATION_MODE = wholemodule;
				SWIFT_OPTIMIZATION_LEVEL = "-O";
				VALIDATE_PRODUCT = YES;
			};
			name = Release;
		};
		7BDE0FF8281920A400803F16 /* Debug */ = {
			isa = XCBuildConfiguration;
			buildSettings = {
				ASSETCATALOG_COMPILER_APPICON_NAME = AppIcon;
				ASSETCATALOG_COMPILER_GLOBAL_ACCENT_COLOR_NAME = AccentColor;
				CODE_SIGN_STYLE = Automatic;
				CURRENT_PROJECT_VERSION = 1;
				GENERATE_INFOPLIST_FILE = YES;
				INFOPLIST_FILE = MvvmExp/Info.plist;
				INFOPLIST_KEY_UIApplicationSupportsIndirectInputEvents = YES;
				INFOPLIST_KEY_UILaunchStoryboardName = LaunchScreen;
				INFOPLIST_KEY_UIMainStoryboardFile = Main;
				INFOPLIST_KEY_UISupportedInterfaceOrientations_iPad = "UIInterfaceOrientationPortrait UIInterfaceOrientationPortraitUpsideDown UIInterfaceOrientationLandscapeLeft UIInterfaceOrientationLandscapeRight";
				INFOPLIST_KEY_UISupportedInterfaceOrientations_iPhone = "UIInterfaceOrientationPortrait UIInterfaceOrientationLandscapeLeft UIInterfaceOrientationLandscapeRight";
				LD_RUNPATH_SEARCH_PATHS = (
					"$(inherited)",
					"@executable_path/Frameworks",
				);
				MARKETING_VERSION = 1.0;
				PRODUCT_BUNDLE_IDENTIFIER = com.test.MvvmExp;
				PRODUCT_NAME = "$(TARGET_NAME)";
				SWIFT_EMIT_LOC_STRINGS = YES;
				SWIFT_VERSION = 5.0;
				TARGETED_DEVICE_FAMILY = 1;
			};
			name = Debug;
		};
		7BDE0FF9281920A400803F16 /* Release */ = {
			isa = XCBuildConfiguration;
			buildSettings = {
				ASSETCATALOG_COMPILER_APPICON_NAME = AppIcon;
				ASSETCATALOG_COMPILER_GLOBAL_ACCENT_COLOR_NAME = AccentColor;
				CODE_SIGN_STYLE = Automatic;
				CURRENT_PROJECT_VERSION = 1;
				GENERATE_INFOPLIST_FILE = YES;
				INFOPLIST_FILE = MvvmExp/Info.plist;
				INFOPLIST_KEY_UIApplicationSupportsIndirectInputEvents = YES;
				INFOPLIST_KEY_UILaunchStoryboardName = LaunchScreen;
				INFOPLIST_KEY_UIMainStoryboardFile = Main;
				INFOPLIST_KEY_UISupportedInterfaceOrientations_iPad = "UIInterfaceOrientationPortrait UIInterfaceOrientationPortraitUpsideDown UIInterfaceOrientationLandscapeLeft UIInterfaceOrientationLandscapeRight";
				INFOPLIST_KEY_UISupportedInterfaceOrientations_iPhone = "UIInterfaceOrientationPortrait UIInterfaceOrientationLandscapeLeft UIInterfaceOrientationLandscapeRight";
				LD_RUNPATH_SEARCH_PATHS = (
					"$(inherited)",
					"@executable_path/Frameworks",
				);
				MARKETING_VERSION = 1.0;
				PRODUCT_BUNDLE_IDENTIFIER = com.test.MvvmExp;
				PRODUCT_NAME = "$(TARGET_NAME)";
				SWIFT_EMIT_LOC_STRINGS = YES;
				SWIFT_VERSION = 5.0;
				TARGETED_DEVICE_FAMILY = 1;
			};
			name = Release;
		};
/* End XCBuildConfiguration section */

/* Begin XCConfigurationList section */
		7BDE0FDE281920A300803F16 /* Build configuration list for PBXProject "MvvmExp" */ = {
			isa = XCConfigurationList;
			buildConfigurations = (
				7BDE0FF5281920A400803F16 /* Debug */,
				7BDE0FF6281920A400803F16 /* Release */,
			);
			defaultConfigurationIsVisible = 0;
			defaultConfigurationName = Release;
		};
		7BDE0FF7281920A400803F16 /* Build configuration list for PBXNativeTarget "MvvmExp" */ = {
			isa = XCConfigurationList;
			buildConfigurations = (
				7BDE0FF8281920A400803F16 /* Debug */,
				7BDE0FF9281920A400803F16 /* Release */,
			);
			defaultConfigurationIsVisible = 0;
			defaultConfigurationName = Release;
		};
/* End XCConfigurationList section */
	};
	rootObject = 7BDE0FDB281920A300803F16 /* Project object */;
}
